
Microsoft Visual Studio Solution File, Format Version 12.00
# Visual Studio 2012
Project("{FAE04EC0-301F-11D3-BF4B-00C04F79EFBC}") = "GalleryGenerator", "GalleryGenerator\GalleryGenerator.csproj", "{C37A91B6-E64C-4573-9B4C-4D45296033C4}"
EndProject
Project("{FAE04EC0-301F-11D3-BF4B-00C04F79EFBC}") = "GalleryGeneratorEngine", "GalleryGeneratorEngine\GalleryGeneratorEngine.csproj", "{92954699-D78A-4CAD-900A-9217A25E1D15}"
EndProject
Project("{FAE04EC0-301F-11D3-BF4B-00C04F79EFBC}") = "Common", "Common\Common.csproj", "{BFE09EFA-60A8-4BED-B232-5F4369531FF8}"
EndProject
Global
	GlobalSection(SolutionConfigurationPlatforms) = preSolution
		Debug|Any CPU = Debug|Any CPU
		Debug|x86 = Debug|x86
		Release|Any CPU = Release|Any CPU
		Release|x86 = Release|x86
	EndGlobalSection
	GlobalSection(ProjectConfigurationPlatforms) = postSolution
		{C37A91B6-E64C-4573-9B4C-4D45296033C4}.Debug|Any CPU.ActiveCfg = Debug|Any CPU
		{C37A91B6-E64C-4573-9B4C-4D45296033C4}.Debug|Any CPU.Build.0 = Debug|Any CPU
		{C37A91B6-E64C-4573-9B4C-4D45296033C4}.Debug|x86.ActiveCfg = Debug|x86
		{C37A91B6-E64C-4573-9B4C-4D45296033C4}.Debug|x86.Build.0 = Debug|x86
		{C37A91B6-E64C-4573-9B4C-4D45296033C4}.Release|Any CPU.ActiveCfg = Release|Any CPU
		{C37A91B6-E64C-4573-9B4C-4D45296033C4}.Release|Any CPU.Build.0 = Release|Any CPU
		{C37A91B6-E64C-4573-9B4C-4D45296033C4}.Release|x86.ActiveCfg = Release|x86
		{C37A91B6-E64C-4573-9B4C-4D45296033C4}.Release|x86.Build.0 = Release|x86
		{92954699-D78A-4CAD-900A-9217A25E1D15}.Debug|Any CPU.ActiveCfg = Debug|Any CPU
		{92954699-D78A-4CAD-900A-9217A25E1D15}.Debug|Any CPU.Build.0 = Debug|Any CPU
		{92954699-D78A-4CAD-900A-9217A25E1D15}.Debug|x86.ActiveCfg = Debug|x86
		{92954699-D78A-4CAD-900A-9217A25E1D15}.Debug|x86.Build.0 = Debug|x86
		{92954699-D78A-4CAD-900A-9217A25E1D15}.Release|Any CPU.ActiveCfg = Release|Any CPU
		{92954699-D78A-4CAD-900A-9217A25E1D15}.Release|Any CPU.Build.0 = Release|Any CPU
		{92954699-D78A-4CAD-900A-9217A25E1D15}.Release|x86.ActiveCfg = Release|x86
		{92954699-D78A-4CAD-900A-9217A25E1D15}.Release|x86.Build.0 = Release|x86
		{BFE09EFA-60A8-4BED-B232-5F4369531FF8}.Debug|Any CPU.ActiveCfg = Debug|Any CPU
		{BFE09EFA-60A8-4BED-B232-5F4369531FF8}.Debug|Any CPU.Build.0 = Debug|Any CPU
		{BFE09EFA-60A8-4BED-B232-5F4369531FF8}.Debug|x86.ActiveCfg = Debug|x86
		{BFE09EFA-60A8-4BED-B232-5F4369531FF8}.Debug|x86.Build.0 = Debug|x86
		{BFE09EFA-60A8-4BED-B232-5F4369531FF8}.Release|Any CPU.ActiveCfg = Release|Any CPU
		{BFE09EFA-60A8-4BED-B232-5F4369531FF8}.Release|Any CPU.Build.0 = Release|Any CPU
		{BFE09EFA-60A8-4BED-B232-5F4369531FF8}.Release|x86.ActiveCfg = Release|x86
		{BFE09EFA-60A8-4BED-B232-5F4369531FF8}.Release|x86.Build.0 = Release|x86
	EndGlobalSection
	GlobalSection(SolutionProperties) = preSolution
		HideSolutionNode = FALSE
	EndGlobalSection
EndGlobal
